
Microsoft Visual Studio Solution File, Format Version 12.00
# Visual Studio Version 16
VisualStudioVersion = 16.0.30717.126
MinimumVisualStudioVersion = 10.0.40219.1
Project("{FAE04EC0-301F-11D3-BF4B-00C04F79EFBC}") = "ADSComSCARAFITTI", "ADSComSCARAFITTI.csproj", "{E85C2DF3-CC74-42F7-AE25-1C1AFAE797E1}"
EndProject
Global
	GlobalSection(SolutionConfigurationPlatforms) = preSolution
		Debug|Any CPU = Debug|Any CPU
		Release|Any CPU = Release|Any CPU
	EndGlobalSection
	GlobalSection(ProjectConfigurationPlatforms) = postSolution
		{E85C2DF3-CC74-42F7-AE25-1C1AFAE797E1}.Debug|Any CPU.ActiveCfg = Release|Any CPU
		{E85C2DF3-CC74-42F7-AE25-1C1AFAE797E1}.Debug|Any CPU.Build.0 = Release|Any CPU
		{E85C2DF3-CC74-42F7-AE25-1C1AFAE797E1}.Release|Any CPU.ActiveCfg = Release|Any CPU
		{E85C2DF3-CC74-42F7-AE25-1C1AFAE797E1}.Release|Any CPU.Build.0 = Release|Any CPU
	EndGlobalSection
	GlobalSection(SolutionProperties) = preSolution
		HideSolutionNode = FALSE
	EndGlobalSection
	GlobalSection(ExtensibilityGlobals) = postSolution
		SolutionGuid = {D76B767D-AC1E-49DE-822E-5A6D5A867AB5}
	EndGlobalSection
EndGlobal
